
Microsoft Visual Studio Solution File, Format Version 12.00
# Visual Studio Version 17
VisualStudioVersion = 17.3.32901.215
MinimumVisualStudioVersion = 10.0.40219.1
Project("{FAE04EC0-301F-11D3-BF4B-00C04F79EFBC}") = "MVCCrudEmployee", "MVCCrudEmployee\MVCCrudEmployee.csproj", "{AD1F0A2A-7704-4B1E-A4BC-F182E0CBF1DA}"
EndProject
Global
	GlobalSection(SolutionConfigurationPlatforms) = preSolution
		Debug|Any CPU = Debug|Any CPU
		Release|Any CPU = Release|Any CPU
	EndGlobalSection
	GlobalSection(ProjectConfigurationPlatforms) = postSolution
		{AD1F0A2A-7704-4B1E-A4BC-F182E0CBF1DA}.Debug|Any CPU.ActiveCfg = Debug|Any CPU
		{AD1F0A2A-7704-4B1E-A4BC-F182E0CBF1DA}.Debug|Any CPU.Build.0 = Debug|Any CPU
		{AD1F0A2A-7704-4B1E-A4BC-F182E0CBF1DA}.Release|Any CPU.ActiveCfg = Release|Any CPU
		{AD1F0A2A-7704-4B1E-A4BC-F182E0CBF1DA}.Release|Any CPU.Build.0 = Release|Any CPU
	EndGlobalSection
	GlobalSection(SolutionProperties) = preSolution
		HideSolutionNode = FALSE
	EndGlobalSection
	GlobalSection(ExtensibilityGlobals) = postSolution
		SolutionGuid = {52E7437B-D61C-43F7-B45F-737D5EFB33E8}
	EndGlobalSection
EndGlobal
